
Microsoft Visual Studio Solution File, Format Version 12.00
# Visual Studio Version 16
VisualStudioVersion = 16.0.31019.35
MinimumVisualStudioVersion = 10.0.40219.1
Project("{FAE04EC0-301F-11D3-BF4B-00C04F79EFBC}") = "MyFirstProject", "MyFirstProject.csproj", "{7AE2D3AD-7291-45D8-8997-0EB1FB030AFF}"
EndProject
Global
	GlobalSection(SolutionConfigurationPlatforms) = preSolution
		Debug|Any CPU = Debug|Any CPU
		Release|Any CPU = Release|Any CPU
	EndGlobalSection
	GlobalSection(ProjectConfigurationPlatforms) = postSolution
		{7AE2D3AD-7291-45D8-8997-0EB1FB030AFF}.Debug|Any CPU.ActiveCfg = Debug|Any CPU
		{7AE2D3AD-7291-45D8-8997-0EB1FB030AFF}.Debug|Any CPU.Build.0 = Debug|Any CPU
		{7AE2D3AD-7291-45D8-8997-0EB1FB030AFF}.Release|Any CPU.ActiveCfg = Release|Any CPU
		{7AE2D3AD-7291-45D8-8997-0EB1FB030AFF}.Release|Any CPU.Build.0 = Release|Any CPU
	EndGlobalSection
	GlobalSection(SolutionProperties) = preSolution
		HideSolutionNode = FALSE
	EndGlobalSection
	GlobalSection(ExtensibilityGlobals) = postSolution
		SolutionGuid = {939712AC-65BD-48B2-B2B2-16CD1088DBB3}
	EndGlobalSection
EndGlobal
